
Microsoft Visual Studio Solution File, Format Version 12.00
# Visual Studio 15
VisualStudioVersion = 15.0.28307.489
MinimumVisualStudioVersion = 10.0.40219.1
Project("{FAE04EC0-301F-11D3-BF4B-00C04F79EFBC}") = "TI.API", "TI.API\TI.API.csproj", "{86E6D56C-02C7-4875-98B5-2339FDD7EB5B}"
EndProject
Project("{FAE04EC0-301F-11D3-BF4B-00C04F79EFBC}") = "TI.API.Entities", "TI.API.Entities\TI.API.Entities.csproj", "{FE6E28F6-0C2B-41C3-BC7B-2E2EB0021767}"
EndProject
Project("{FAE04EC0-301F-11D3-BF4B-00C04F79EFBC}") = "TI.API.BLL", "TI.API.BLL\TI.API.BLL.csproj", "{4F042A5B-C316-4AB6-BD43-0F321B8C6ACC}"
EndProject
Project("{FAE04EC0-301F-11D3-BF4B-00C04F79EFBC}") = "TL.API.DAL", "TL.API.DAL\TL.API.DAL.csproj", "{892BB0E6-C6E0-405C-92A2-5AD32F3D71A2}"
EndProject
Global
	GlobalSection(SolutionConfigurationPlatforms) = preSolution
		Debug|Any CPU = Debug|Any CPU
		Release|Any CPU = Release|Any CPU
	EndGlobalSection
	GlobalSection(ProjectConfigurationPlatforms) = postSolution
		{86E6D56C-02C7-4875-98B5-2339FDD7EB5B}.Debug|Any CPU.ActiveCfg = Debug|Any CPU
		{86E6D56C-02C7-4875-98B5-2339FDD7EB5B}.Debug|Any CPU.Build.0 = Debug|Any CPU
		{86E6D56C-02C7-4875-98B5-2339FDD7EB5B}.Release|Any CPU.ActiveCfg = Release|Any CPU
		{86E6D56C-02C7-4875-98B5-2339FDD7EB5B}.Release|Any CPU.Build.0 = Release|Any CPU
		{FE6E28F6-0C2B-41C3-BC7B-2E2EB0021767}.Debug|Any CPU.ActiveCfg = Debug|Any CPU
		{FE6E28F6-0C2B-41C3-BC7B-2E2EB0021767}.Debug|Any CPU.Build.0 = Debug|Any CPU
		{FE6E28F6-0C2B-41C3-BC7B-2E2EB0021767}.Release|Any CPU.ActiveCfg = Release|Any CPU
		{FE6E28F6-0C2B-41C3-BC7B-2E2EB0021767}.Release|Any CPU.Build.0 = Release|Any CPU
		{4F042A5B-C316-4AB6-BD43-0F321B8C6ACC}.Debug|Any CPU.ActiveCfg = Debug|Any CPU
		{4F042A5B-C316-4AB6-BD43-0F321B8C6ACC}.Debug|Any CPU.Build.0 = Debug|Any CPU
		{4F042A5B-C316-4AB6-BD43-0F321B8C6ACC}.Release|Any CPU.ActiveCfg = Release|Any CPU
		{4F042A5B-C316-4AB6-BD43-0F321B8C6ACC}.Release|Any CPU.Build.0 = Release|Any CPU
		{892BB0E6-C6E0-405C-92A2-5AD32F3D71A2}.Debug|Any CPU.ActiveCfg = Debug|Any CPU
		{892BB0E6-C6E0-405C-92A2-5AD32F3D71A2}.Debug|Any CPU.Build.0 = Debug|Any CPU
		{892BB0E6-C6E0-405C-92A2-5AD32F3D71A2}.Release|Any CPU.ActiveCfg = Release|Any CPU
		{892BB0E6-C6E0-405C-92A2-5AD32F3D71A2}.Release|Any CPU.Build.0 = Release|Any CPU
	EndGlobalSection
	GlobalSection(SolutionProperties) = preSolution
		HideSolutionNode = FALSE
	EndGlobalSection
	GlobalSection(ExtensibilityGlobals) = postSolution
		SolutionGuid = {BB9687BE-BA22-47F1-A145-AEABF163B8C3}
	EndGlobalSection
EndGlobal
